PODS:
  - HPGrowingTextView (1.1)
  - MBProgressHUD (0.9.2)
  - MFSideMenu (0.5.5)
  - MTBBarcodeScanner (1.9.1)
  - Reachability (3.2)
  - SDWebImage (3.7.5):
    - SDWebImage/Core (= 3.7.5)
  - SDWebImage/Core (3.7.5)

DEPENDENCIES:
  - HPGrowingTextView (~> 1.1)
  - MBProgressHUD (~> 0.9)
  - MFSideMenu (~> 0.5)
  - MTBBarcodeScanner (~> 1.9)
  - Reachability (~> 3.2)
  - SDWebImage (~> 3.7)

SPEC CHECKSUMS:
  HPGrowingTextView: 88a716d97fb853bcb08a4a08e4727da17efc9b19
  MBProgressHUD: 1569cf7ace17a8bac47aabfbb8580a49690386d1
  MFSideMenu: 268122e6894f2747fc3a2b48578100b232506c60
  MTBBarcodeScanner: d65037ab37f0932b46e11a51e98978593424d64e
  Reachability: 33e18b67625424e47b6cde6d202dce689ad7af96
  SDWebImage: 69c6303e3348fba97e03f65d65d4fbc26740f461

COCOAPODS: 0.39.0
